
Microsoft Visual Studio Solution File, Format Version 12.00
# Visual Studio Version 17
VisualStudioVersion = 17.0.31919.166
MinimumVisualStudioVersion = 10.0.40219.1
Project("{FAE04EC0-301F-11D3-BF4B-00C04F79EFBC}") = "CatalogMobileApp.Android", "CatalogMobileApp\CatalogMobileApp.Android\CatalogMobileApp.Android.csproj", "{DB255394-99E7-41AE-AD6B-337FD655AF44}"
EndProject
Project("{FAE04EC0-301F-11D3-BF4B-00C04F79EFBC}") = "CatalogMobileApp", "CatalogMobileApp\CatalogMobileApp\CatalogMobileApp.csproj", "{0234185C-2ADF-4FCA-A477-072E5B1DFD90}"
EndProject
Global
	GlobalSection(SolutionConfigurationPlatforms) = preSolution
		Debug|Any CPU = Debug|Any CPU
		Release|Any CPU = Release|Any CPU
	EndGlobalSection
	GlobalSection(ProjectConfigurationPlatforms) = postSolution
		{DB255394-99E7-41AE-AD6B-337FD655AF44}.Debug|Any CPU.ActiveCfg = Debug|Any CPU
		{DB255394-99E7-41AE-AD6B-337FD655AF44}.Debug|Any CPU.Build.0 = Debug|Any CPU
		{DB255394-99E7-41AE-AD6B-337FD655AF44}.Debug|Any CPU.Deploy.0 = Debug|Any CPU
		{DB255394-99E7-41AE-AD6B-337FD655AF44}.Release|Any CPU.ActiveCfg = Release|Any CPU
		{DB255394-99E7-41AE-AD6B-337FD655AF44}.Release|Any CPU.Build.0 = Release|Any CPU
		{DB255394-99E7-41AE-AD6B-337FD655AF44}.Release|Any CPU.Deploy.0 = Release|Any CPU
		{0234185C-2ADF-4FCA-A477-072E5B1DFD90}.Debug|Any CPU.ActiveCfg = Debug|Any CPU
		{0234185C-2ADF-4FCA-A477-072E5B1DFD90}.Debug|Any CPU.Build.0 = Debug|Any CPU
		{0234185C-2ADF-4FCA-A477-072E5B1DFD90}.Debug|Any CPU.Deploy.0 = Debug|Any CPU
		{0234185C-2ADF-4FCA-A477-072E5B1DFD90}.Release|Any CPU.ActiveCfg = Release|Any CPU
		{0234185C-2ADF-4FCA-A477-072E5B1DFD90}.Release|Any CPU.Build.0 = Release|Any CPU
		{0234185C-2ADF-4FCA-A477-072E5B1DFD90}.Release|Any CPU.Deploy.0 = Release|Any CPU
	EndGlobalSection
	GlobalSection(SolutionProperties) = preSolution
		HideSolutionNode = FALSE
	EndGlobalSection
	GlobalSection(ExtensibilityGlobals) = postSolution
		SolutionGuid = {5D5AA3BA-B70F-4E2A-9FA3-F200C81A228D}
	EndGlobalSection
EndGlobal
